
Microsoft Visual Studio Solution File, Format Version 12.00
# Visual Studio 15
VisualStudioVersion = 15.0.27130.2020
MinimumVisualStudioVersion = 10.0.40219.1
Project("{FAE04EC0-301F-11D3-BF4B-00C04F79EFBC}") = "KVLKeyGen", "KVLKeyGen\KVLKeyGen.csproj", "{BFC7FD57-4B00-4C3D-AF2B-3EA03EE0D0BC}"
EndProject
Global
	GlobalSection(SolutionConfigurationPlatforms) = preSolution
		Debug|Any CPU = Debug|Any CPU
		Release|Any CPU = Release|Any CPU
	EndGlobalSection
	GlobalSection(ProjectConfigurationPlatforms) = postSolution
		{BFC7FD57-4B00-4C3D-AF2B-3EA03EE0D0BC}.Debug|Any CPU.ActiveCfg = Debug|Any CPU
		{BFC7FD57-4B00-4C3D-AF2B-3EA03EE0D0BC}.Debug|Any CPU.Build.0 = Debug|Any CPU
		{BFC7FD57-4B00-4C3D-AF2B-3EA03EE0D0BC}.Release|Any CPU.ActiveCfg = Release|Any CPU
		{BFC7FD57-4B00-4C3D-AF2B-3EA03EE0D0BC}.Release|Any CPU.Build.0 = Release|Any CPU
	EndGlobalSection
	GlobalSection(SolutionProperties) = preSolution
		HideSolutionNode = FALSE
	EndGlobalSection
	GlobalSection(ExtensibilityGlobals) = postSolution
		SolutionGuid = {699E701D-AF27-47B3-A32E-3ED0AADFC7A3}
	EndGlobalSection
EndGlobal
